
Microsoft Visual Studio Solution File, Format Version 12.00
# Visual Studio Version 17
VisualStudioVersion = 17.11.35222.181
MinimumVisualStudioVersion = 10.0.40219.1
Project("{FAE04EC0-301F-11D3-BF4B-00C04F79EFBC}") = "WebAppKundeProdukt", "WebAppKundeProdukt\WebAppKundeProdukt.csproj", "{40712D73-5F90-4406-8893-3239607A0860}"
EndProject
Global
	GlobalSection(SolutionConfigurationPlatforms) = preSolution
		Debug|Any CPU = Debug|Any CPU
		Release|Any CPU = Release|Any CPU
	EndGlobalSection
	GlobalSection(ProjectConfigurationPlatforms) = postSolution
		{40712D73-5F90-4406-8893-3239607A0860}.Debug|Any CPU.ActiveCfg = Debug|Any CPU
		{40712D73-5F90-4406-8893-3239607A0860}.Debug|Any CPU.Build.0 = Debug|Any CPU
		{40712D73-5F90-4406-8893-3239607A0860}.Release|Any CPU.ActiveCfg = Release|Any CPU
		{40712D73-5F90-4406-8893-3239607A0860}.Release|Any CPU.Build.0 = Release|Any CPU
	EndGlobalSection
	GlobalSection(SolutionProperties) = preSolution
		HideSolutionNode = FALSE
	EndGlobalSection
	GlobalSection(ExtensibilityGlobals) = postSolution
		SolutionGuid = {4B4F2D60-219F-473F-95B2-F13C61C44852}
	EndGlobalSection
EndGlobal
